
Microsoft Visual Studio Solution File, Format Version 12.00
# Visual Studio 15
VisualStudioVersion = 15.0.26124.0
MinimumVisualStudioVersion = 15.0.26124.0
Project("{F2A71F9B-5D33-465A-A702-920D77279786}") = "TextGUI", "TextGUI\TextGUI.fsproj", "{CB39691E-64CA-4505-B919-D379040B455D}"
EndProject
Project("{F2A71F9B-5D33-465A-A702-920D77279786}") = "Calculator", "Calculator\Calculator.fsproj", "{170ADDC9-11DE-4EEC-AB35-4E4F2A9419B4}"
EndProject
Project("{F2A71F9B-5D33-465A-A702-920D77279786}") = "Gravity", "Gravity\Gravity.fsproj", "{969776B5-8446-4BEC-BBEB-C511677A5979}"
EndProject
Project("{F2A71F9B-5D33-465A-A702-920D77279786}") = "Electricity", "Electricity\Electricity.fsproj", "{0CA9EBCF-68BD-4896-B154-5938EA063186}"
EndProject
Global
	GlobalSection(SolutionConfigurationPlatforms) = preSolution
		Debug|Any CPU = Debug|Any CPU
		Debug|x64 = Debug|x64
		Debug|x86 = Debug|x86
		Release|Any CPU = Release|Any CPU
		Release|x64 = Release|x64
		Release|x86 = Release|x86
	EndGlobalSection
	GlobalSection(SolutionProperties) = preSolution
		HideSolutionNode = FALSE
	EndGlobalSection
	GlobalSection(ProjectConfigurationPlatforms) = postSolution
		{CB39691E-64CA-4505-B919-D379040B455D}.Debug|Any CPU.ActiveCfg = Debug|Any CPU
		{CB39691E-64CA-4505-B919-D379040B455D}.Debug|Any CPU.Build.0 = Debug|Any CPU
		{CB39691E-64CA-4505-B919-D379040B455D}.Debug|x64.ActiveCfg = Debug|Any CPU
		{CB39691E-64CA-4505-B919-D379040B455D}.Debug|x64.Build.0 = Debug|Any CPU
		{CB39691E-64CA-4505-B919-D379040B455D}.Debug|x86.ActiveCfg = Debug|Any CPU
		{CB39691E-64CA-4505-B919-D379040B455D}.Debug|x86.Build.0 = Debug|Any CPU
		{CB39691E-64CA-4505-B919-D379040B455D}.Release|Any CPU.ActiveCfg = Release|Any CPU
		{CB39691E-64CA-4505-B919-D379040B455D}.Release|Any CPU.Build.0 = Release|Any CPU
		{CB39691E-64CA-4505-B919-D379040B455D}.Release|x64.ActiveCfg = Release|Any CPU
		{CB39691E-64CA-4505-B919-D379040B455D}.Release|x64.Build.0 = Release|Any CPU
		{CB39691E-64CA-4505-B919-D379040B455D}.Release|x86.ActiveCfg = Release|Any CPU
		{CB39691E-64CA-4505-B919-D379040B455D}.Release|x86.Build.0 = Release|Any CPU
		{170ADDC9-11DE-4EEC-AB35-4E4F2A9419B4}.Debug|Any CPU.ActiveCfg = Debug|Any CPU
		{170ADDC9-11DE-4EEC-AB35-4E4F2A9419B4}.Debug|Any CPU.Build.0 = Debug|Any CPU
		{170ADDC9-11DE-4EEC-AB35-4E4F2A9419B4}.Debug|x64.ActiveCfg = Debug|Any CPU
		{170ADDC9-11DE-4EEC-AB35-4E4F2A9419B4}.Debug|x64.Build.0 = Debug|Any CPU
		{170ADDC9-11DE-4EEC-AB35-4E4F2A9419B4}.Debug|x86.ActiveCfg = Debug|Any CPU
		{170ADDC9-11DE-4EEC-AB35-4E4F2A9419B4}.Debug|x86.Build.0 = Debug|Any CPU
		{170ADDC9-11DE-4EEC-AB35-4E4F2A9419B4}.Release|Any CPU.ActiveCfg = Release|Any CPU
		{170ADDC9-11DE-4EEC-AB35-4E4F2A9419B4}.Release|Any CPU.Build.0 = Release|Any CPU
		{170ADDC9-11DE-4EEC-AB35-4E4F2A9419B4}.Release|x64.ActiveCfg = Release|Any CPU
		{170ADDC9-11DE-4EEC-AB35-4E4F2A9419B4}.Release|x64.Build.0 = Release|Any CPU
		{170ADDC9-11DE-4EEC-AB35-4E4F2A9419B4}.Release|x86.ActiveCfg = Release|Any CPU
		{170ADDC9-11DE-4EEC-AB35-4E4F2A9419B4}.Release|x86.Build.0 = Release|Any CPU
		{969776B5-8446-4BEC-BBEB-C511677A5979}.Debug|Any CPU.ActiveCfg = Debug|Any CPU
		{969776B5-8446-4BEC-BBEB-C511677A5979}.Debug|Any CPU.Build.0 = Debug|Any CPU
		{969776B5-8446-4BEC-BBEB-C511677A5979}.Debug|x64.ActiveCfg = Debug|Any CPU
		{969776B5-8446-4BEC-BBEB-C511677A5979}.Debug|x64.Build.0 = Debug|Any CPU
		{969776B5-8446-4BEC-BBEB-C511677A5979}.Debug|x86.ActiveCfg = Debug|Any CPU
		{969776B5-8446-4BEC-BBEB-C511677A5979}.Debug|x86.Build.0 = Debug|Any CPU
		{969776B5-8446-4BEC-BBEB-C511677A5979}.Release|Any CPU.ActiveCfg = Release|Any CPU
		{969776B5-8446-4BEC-BBEB-C511677A5979}.Release|Any CPU.Build.0 = Release|Any CPU
		{969776B5-8446-4BEC-BBEB-C511677A5979}.Release|x64.ActiveCfg = Release|Any CPU
		{969776B5-8446-4BEC-BBEB-C511677A5979}.Release|x64.Build.0 = Release|Any CPU
		{969776B5-8446-4BEC-BBEB-C511677A5979}.Release|x86.ActiveCfg = Release|Any CPU
		{969776B5-8446-4BEC-BBEB-C511677A5979}.Release|x86.Build.0 = Release|Any CPU
		{0CA9EBCF-68BD-4896-B154-5938EA063186}.Debug|Any CPU.ActiveCfg = Debug|Any CPU
		{0CA9EBCF-68BD-4896-B154-5938EA063186}.Debug|Any CPU.Build.0 = Debug|Any CPU
		{0CA9EBCF-68BD-4896-B154-5938EA063186}.Debug|x64.ActiveCfg = Debug|Any CPU
		{0CA9EBCF-68BD-4896-B154-5938EA063186}.Debug|x64.Build.0 = Debug|Any CPU
		{0CA9EBCF-68BD-4896-B154-5938EA063186}.Debug|x86.ActiveCfg = Debug|Any CPU
		{0CA9EBCF-68BD-4896-B154-5938EA063186}.Debug|x86.Build.0 = Debug|Any CPU
		{0CA9EBCF-68BD-4896-B154-5938EA063186}.Release|Any CPU.ActiveCfg = Release|Any CPU
		{0CA9EBCF-68BD-4896-B154-5938EA063186}.Release|Any CPU.Build.0 = Release|Any CPU
		{0CA9EBCF-68BD-4896-B154-5938EA063186}.Release|x64.ActiveCfg = Release|Any CPU
		{0CA9EBCF-68BD-4896-B154-5938EA063186}.Release|x64.Build.0 = Release|Any CPU
		{0CA9EBCF-68BD-4896-B154-5938EA063186}.Release|x86.ActiveCfg = Release|Any CPU
		{0CA9EBCF-68BD-4896-B154-5938EA063186}.Release|x86.Build.0 = Release|Any CPU
	EndGlobalSection
EndGlobal
